
Microsoft Visual Studio Solution File, Format Version 12.00
# Visual Studio Version 17
VisualStudioVersion = 17.2.32630.192
MinimumVisualStudioVersion = 10.0.40219.1
Project("{9A19103F-16F7-4668-BE54-9A1E7A4F7556}") = "PingFixTest", "PingFixTest.csproj", "{DB24CF7A-B880-4A95-A308-A7A7882B55D5}"
EndProject
Global
	GlobalSection(SolutionConfigurationPlatforms) = preSolution
		Debug|Any CPU = Debug|Any CPU
		Release|Any CPU = Release|Any CPU
	EndGlobalSection
	GlobalSection(ProjectConfigurationPlatforms) = postSolution
		{DB24CF7A-B880-4A95-A308-A7A7882B55D5}.Debug|Any CPU.ActiveCfg = Debug|Any CPU
		{DB24CF7A-B880-4A95-A308-A7A7882B55D5}.Debug|Any CPU.Build.0 = Debug|Any CPU
		{DB24CF7A-B880-4A95-A308-A7A7882B55D5}.Release|Any CPU.ActiveCfg = Release|Any CPU
		{DB24CF7A-B880-4A95-A308-A7A7882B55D5}.Release|Any CPU.Build.0 = Release|Any CPU
	EndGlobalSection
	GlobalSection(SolutionProperties) = preSolution
		HideSolutionNode = FALSE
	EndGlobalSection
	GlobalSection(ExtensibilityGlobals) = postSolution
		SolutionGuid = {7B10353D-277C-42C7-A06E-33782D80AE2D}
	EndGlobalSection
EndGlobal
